// !$*UTF8*$!
{
	archiveVersion = 1;
	classes = {
	};
	objectVersion = 46;
	objects = {

/* Begin PBXBuildFile section */
		A71970E814144D2800D4C5DC /* FullImageTableViewCell.m in Sources */ = {isa = PBXBuildFile; fileRef = A71970E714144D2800D4C5DC /* FullImageTableViewCell.m */; };
		A7310CC11412F04400C788EF /* ASIAuthenticationDialog.m in Sources */ = {isa = PBXBuildFile; fileRef = A7310CAC1412F04400C788EF /* ASIAuthenticationDialog.m */; };
		A7310CC21412F04400C788EF /* ASIDataCompressor.m in Sources */ = {isa = PBXBuildFile; fileRef = A7310CAF1412F04400C788EF /* ASIDataCompressor.m */; };
		A7310CC31412F04400C788EF /* ASIDataDecompressor.m in Sources */ = {isa = PBXBuildFile; fileRef = A7310CB11412F04400C788EF /* ASIDataDecompressor.m */; };
		A7310CC41412F04400C788EF /* ASIDownloadCache.m in Sources */ = {isa = PBXBuildFile; fileRef = A7310CB31412F04400C788EF /* ASIDownloadCache.m */; };
		A7310CC51412F04400C788EF /* ASIFormDataRequest.m in Sources */ = {isa = PBXBuildFile; fileRef = A7310CB51412F04400C788EF /* ASIFormDataRequest.m */; };
		A7310CC61412F04400C788EF /* ASIHTTPRequest.m in Sources */ = {isa = PBXBuildFile; fileRef = A7310CB71412F04400C788EF /* ASIHTTPRequest.m */; };
		A7310CC71412F04400C788EF /* ASIInputStream.m in Sources */ = {isa = PBXBuildFile; fileRef = A7310CBB1412F04400C788EF /* ASIInputStream.m */; };
		A7310CC81412F04400C788EF /* ASINetworkQueue.m in Sources */ = {isa = PBXBuildFile; fileRef = A7310CBD1412F04400C788EF /* ASINetworkQueue.m */; };
		A7310CC91412F04400C788EF /* Reachability.m in Sources */ = {isa = PBXBuildFile; fileRef = A7310CC01412F04400C788EF /* Reachability.m */; };
		A7310CCC1412F12700C788EF /* CFNetwork.framework in Frameworks */ = {isa = PBXBuildFile; fileRef = A7310CCB1412F12700C788EF /* CFNetwork.framework */; };
		A7310CCE1412F17100C788EF /* SystemConfiguration.framework in Frameworks */ = {isa = PBXBuildFile; fileRef = A7310CCD1412F17100C788EF /* SystemConfiguration.framework */; };
		A7310CD01412F17A00C788EF /* MobileCoreServices.framework in Frameworks */ = {isa = PBXBuildFile; fileRef = A7310CCF1412F17A00C788EF /* MobileCoreServices.framework */; };
		A7310CD21412F18900C788EF /* libz.1.2.3.dylib in Frameworks */ = {isa = PBXBuildFile; fileRef = A7310CD11412F18900C788EF /* libz.1.2.3.dylib */; };
		A7310CD61412F28100C788EF /* Constants.m in Sources */ = {isa = PBXBuildFile; fileRef = A7310CD51412F28100C788EF /* Constants.m */; };
		A7310D0914131AE000C788EF /* NSObject+SBJSON.m in Sources */ = {isa = PBXBuildFile; fileRef = A7310D0014131AE000C788EF /* NSObject+SBJSON.m */; };
		A7310D0A14131AE000C788EF /* NSString+SBJSON.m in Sources */ = {isa = PBXBuildFile; fileRef = A7310D0214131AE000C788EF /* NSString+SBJSON.m */; };
		A7310D0B14131AE000C788EF /* SBJsonBase.m in Sources */ = {isa = PBXBuildFile; fileRef = A7310D0414131AE000C788EF /* SBJsonBase.m */; };
		A7310D0C14131AE000C788EF /* SBJsonParser.m in Sources */ = {isa = PBXBuildFile; fileRef = A7310D0614131AE000C788EF /* SBJsonParser.m */; };
		A7310D0D14131AE000C788EF /* SBJsonWriter.m in Sources */ = {isa = PBXBuildFile; fileRef = A7310D0814131AE000C788EF /* SBJsonWriter.m */; };
		A73B59FA13C8A26E008397C2 /* Default.png in Resources */ = {isa = PBXBuildFile; fileRef = A73B59F913C8A26E008397C2 /* Default.png */; };
		A74828AB13C81D8300E8FB45 /* EstadoController.m in Sources */ = {isa = PBXBuildFile; fileRef = A74828A913C81D8300E8FB45 /* EstadoController.m */; };
		A74828AC13C81D8300E8FB45 /* EstadoController.xib in Resources */ = {isa = PBXBuildFile; fileRef = A74828AA13C81D8300E8FB45 /* EstadoController.xib */; };
		A74828B513C8224600E8FB45 /* MunicipioController.m in Sources */ = {isa = PBXBuildFile; fileRef = A74828B313C8224600E8FB45 /* MunicipioController.m */; };
		A74828B613C8224600E8FB45 /* MunicipioController.xib in Resources */ = {isa = PBXBuildFile; fileRef = A74828B413C8224600E8FB45 /* MunicipioController.xib */; };
		A74828BA13C8247400E8FB45 /* GasolinerasController.m in Sources */ = {isa = PBXBuildFile; fileRef = A74828B813C8247400E8FB45 /* GasolinerasController.m */; };
		A74828BB13C8247400E8FB45 /* GasolinerasController.xib in Resources */ = {isa = PBXBuildFile; fileRef = A74828B913C8247400E8FB45 /* GasolinerasController.xib */; };
		A74828BF13C8270700E8FB45 /* GasolineraController.m in Sources */ = {isa = PBXBuildFile; fileRef = A74828BD13C8270700E8FB45 /* GasolineraController.m */; };
		A74828C013C8270700E8FB45 /* GasolineraController.xib in Resources */ = {isa = PBXBuildFile; fileRef = A74828BE13C8270700E8FB45 /* GasolineraController.xib */; };
		A74C7EB813C6BC4C00C99635 /* UIKit.framework in Frameworks */ = {isa = PBXBuildFile; fileRef = A74C7EB713C6BC4C00C99635 /* UIKit.framework */; };
		A74C7EBA13C6BC4C00C99635 /* Foundation.framework in Frameworks */ = {isa = PBXBuildFile; fileRef = A74C7EB913C6BC4C00C99635 /* Foundation.framework */; };
		A74C7EBC13C6BC4C00C99635 /* CoreGraphics.framework in Frameworks */ = {isa = PBXBuildFile; fileRef = A74C7EBB13C6BC4C00C99635 /* CoreGraphics.framework */; };
		A74C7EC213C6BC4C00C99635 /* InfoPlist.strings in Resources */ = {isa = PBXBuildFile; fileRef = A74C7EC013C6BC4C00C99635 /* InfoPlist.strings */; };
		A74C7EC513C6BC4C00C99635 /* main.m in Sources */ = {isa = PBXBuildFile; fileRef = A74C7EC413C6BC4C00C99635 /* main.m */; };
		A74C7EC813C6BC4C00C99635 /* litrosdealitroAppDelegate.m in Sources */ = {isa = PBXBuildFile; fileRef = A74C7EC713C6BC4C00C99635 /* litrosdealitroAppDelegate.m */; };
		A74C7ECB13C6BC4C00C99635 /* MainWindow.xib in Resources */ = {isa = PBXBuildFile; fileRef = A74C7EC913C6BC4C00C99635 /* MainWindow.xib */; };
		A74C7ECE13C6BC4C00C99635 /* MenuController.m in Sources */ = {isa = PBXBuildFile; fileRef = A74C7ECD13C6BC4C00C99635 /* MenuController.m */; };
		A74C7ED113C6BC4C00C99635 /* MenuController.xib in Resources */ = {isa = PBXBuildFile; fileRef = A74C7ECF13C6BC4C00C99635 /* MenuController.xib */; };
		A757FC841413E28E002D3025 /* estados.json in Resources */ = {isa = PBXBuildFile; fileRef = A757FC831413E28E002D3025 /* estados.json */; };
		A757FC871413E82B002D3025 /* municipios.json in Resources */ = {isa = PBXBuildFile; fileRef = A757FC861413E82B002D3025 /* municipios.json */; };
		A757FC891414034C002D3025 /* stations.json in Resources */ = {isa = PBXBuildFile; fileRef = A757FC881414034C002D3025 /* stations.json */; };
		A757FC8E14140D1E002D3025 /* green_light.png in Resources */ = {isa = PBXBuildFile; fileRef = A757FC8A14140D1E002D3025 /* green_light.png */; };
		A757FC8F14140D1E002D3025 /* no_light.png in Resources */ = {isa = PBXBuildFile; fileRef = A757FC8B14140D1E002D3025 /* no_light.png */; };
		A757FC9114140D1E002D3025 /* red_light.png in Resources */ = {isa = PBXBuildFile; fileRef = A757FC8D14140D1E002D3025 /* red_light.png */; };
		A757FC9314140E95002D3025 /* orange_light.png in Resources */ = {isa = PBXBuildFile; fileRef = A757FC9214140E95002D3025 /* orange_light.png */; };
		A757FC95141416B1002D3025 /* station.json in Resources */ = {isa = PBXBuildFile; fileRef = A757FC94141416B1002D3025 /* station.json */; };
		A757FCA114144A12002D3025 /* QuartzCore.framework in Frameworks */ = {isa = PBXBuildFile; fileRef = A757FCA014144A12002D3025 /* QuartzCore.framework */; };
		A79DDBDC13C89EB500559554 /* gasolinera.png in Resources */ = {isa = PBXBuildFile; fileRef = A79DDBDB13C89EB500559554 /* gasolinera.png */; };
		A79DDBDF13C89F2C00559554 /* MapKit.framework in Frameworks */ = {isa = PBXBuildFile; fileRef = A79DDBDE13C89F2C00559554 /* MapKit.framework */; };
		A7C2AAED13C7D36700FD47E2 /* cercanas_icon.png in Resources */ = {isa = PBXBuildFile; fileRef = A7C2AAEB13C7D36700FD47E2 /* cercanas_icon.png */; };
		A7C2AAEE13C7D36700FD47E2 /* search_icon.png in Resources */ = {isa = PBXBuildFile; fileRef = A7C2AAEC13C7D36700FD47E2 /* search_icon.png */; };
/* End PBXBuildFile section */

/* Begin PBXFileReference section */
		A71970E614144D2800D4C5DC /* FullImageTableViewCell.h */ = {isa = PBXFileReference; fileEncoding = 4; lastKnownFileType = sourcecode.c.h; path = FullImageTableViewCell.h; sourceTree = "<group>"; };
		A71970E714144D2800D4C5DC /* FullImageTableViewCell.m */ = {isa = PBXFileReference; fileEncoding = 4; lastKnownFileType = sourcecode.c.objc; path = FullImageTableViewCell.m; sourceTree = "<group>"; };
		A7310CAB1412F04400C788EF /* ASIAuthenticationDialog.h */ = {isa = PBXFileReference; fileEncoding = 4; lastKnownFileType = sourcecode.c.h; path = ASIAuthenticationDialog.h; sourceTree = "<group>"; };
		A7310CAC1412F04400C788EF /* ASIAuthenticationDialog.m */ = {isa = PBXFileReference; fileEncoding = 4; lastKnownFileType = sourcecode.c.objc; path = ASIAuthenticationDialog.m; sourceTree = "<group>"; };
		A7310CAD1412F04400C788EF /* ASICacheDelegate.h */ = {isa = PBXFileReference; fileEncoding = 4; lastKnownFileType = sourcecode.c.h; path = ASICacheDelegate.h; sourceTree = "<group>"; };
		A7310CAE1412F04400C788EF /* ASIDataCompressor.h */ = {isa = PBXFileReference; fileEncoding = 4; lastKnownFileType = sourcecode.c.h; path = ASIDataCompressor.h; sourceTree = "<group>"; };
		A7310CAF1412F04400C788EF /* ASIDataCompressor.m */ = {isa = PBXFileReference; fileEncoding = 4; lastKnownFileType = sourcecode.c.objc; path = ASIDataCompressor.m; sourceTree = "<group>"; };
		A7310CB01412F04400C788EF /* ASIDataDecompressor.h */ = {isa = PBXFileReference; fileEncoding = 4; lastKnownFileType = sourcecode.c.h; path = ASIDataDecompressor.h; sourceTree = "<group>"; };
		A7310CB11412F04400C788EF /* ASIDataDecompressor.m */ = {isa = PBXFileReference; fileEncoding = 4; lastKnownFileType = sourcecode.c.objc; path = ASIDataDecompressor.m; sourceTree = "<group>"; };
		A7310CB21412F04400C788EF /* ASIDownloadCache.h */ = {isa = PBXFileReference; fileEncoding = 4; lastKnownFileType = sourcecode.c.h; path = ASIDownloadCache.h; sourceTree = "<group>"; };
		A7310CB31412F04400C788EF /* ASIDownloadCache.m */ = {isa = PBXFileReference; fileEncoding = 4; lastKnownFileType = sourcecode.c.objc; path = ASIDownloadCache.m; sourceTree = "<group>"; };
		A7310CB41412F04400C788EF /* ASIFormDataRequest.h */ = {isa = PBXFileReference; fileEncoding = 4; lastKnownFileType = sourcecode.c.h; path = ASIFormDataRequest.h; sourceTree = "<group>"; };
		A7310CB51412F04400C788EF /* ASIFormDataRequest.m */ = {isa = PBXFileReference; fileEncoding = 4; lastKnownFileType = sourcecode.c.objc; path = ASIFormDataRequest.m; sourceTree = "<group>"; };
		A7310CB61412F04400C788EF /* ASIHTTPRequest.h */ = {isa = PBXFileReference; fileEncoding = 4; lastKnownFileType = sourcecode.c.h; path = ASIHTTPRequest.h; sourceTree = "<group>"; };
		A7310CB71412F04400C788EF /* ASIHTTPRequest.m */ = {isa = PBXFileReference; fileEncoding = 4; lastKnownFileType = sourcecode.c.objc; path = ASIHTTPRequest.m; sourceTree = "<group>"; };
		A7310CB81412F04400C788EF /* ASIHTTPRequestConfig.h */ = {isa = PBXFileReference; fileEncoding = 4; lastKnownFileType = sourcecode.c.h; path = ASIHTTPRequestConfig.h; sourceTree = "<group>"; };
		A7310CB91412F04400C788EF /* ASIHTTPRequestDelegate.h */ = {isa = PBXFileReference; fileEncoding = 4; lastKnownFileType = sourcecode.c.h; path = ASIHTTPRequestDelegate.h; sourceTree = "<group>"; };
		A7310CBA1412F04400C788EF /* ASIInputStream.h */ = {isa = PBXFileReference; fileEncoding = 4; lastKnownFileType = sourcecode.c.h; path = ASIInputStream.h; sourceTree = "<group>"; };
		A7310CBB1412F04400C788EF /* ASIInputStream.m */ = {isa = PBXFileReference; fileEncoding = 4; lastKnownFileType = sourcecode.c.objc; path = ASIInputStream.m; sourceTree = "<group>"; };
		A7310CBC1412F04400C788EF /* ASINetworkQueue.h */ = {isa = PBXFileReference; fileEncoding = 4; lastKnownFileType = sourcecode.c.h; path = ASINetworkQueue.h; sourceTree = "<group>"; };
		A7310CBD1412F04400C788EF /* ASINetworkQueue.m */ = {isa = PBXFileReference; fileEncoding = 4; lastKnownFileType = sourcecode.c.objc; path = ASINetworkQueue.m; sourceTree = "<group>"; };
		A7310CBE1412F04400C788EF /* ASIProgressDelegate.h */ = {isa = PBXFileReference; fileEncoding = 4; lastKnownFileType = sourcecode.c.h; path = ASIProgressDelegate.h; sourceTree = "<group>"; };
		A7310CBF1412F04400C788EF /* Reachability.h */ = {isa = PBXFileReference; fileEncoding = 4; lastKnownFileType = sourcecode.c.h; path = Reachability.h; sourceTree = "<group>"; };
		A7310CC01412F04400C788EF /* Reachability.m */ = {isa = PBXFileReference; fileEncoding = 4; lastKnownFileType = sourcecode.c.objc; path = Reachability.m; sourceTree = "<group>"; };
		A7310CCB1412F12700C788EF /* CFNetwork.framework */ = {isa = PBXFileReference; lastKnownFileType = wrapper.framework; name = CFNetwork.framework; path = System/Library/Frameworks/CFNetwork.framework; sourceTree = SDKROOT; };
		A7310CCD1412F17100C788EF /* SystemConfiguration.framework */ = {isa = PBXFileReference; lastKnownFileType = wrapper.framework; name = SystemConfiguration.framework; path = System/Library/Frameworks/SystemConfiguration.framework; sourceTree = SDKROOT; };
		A7310CCF1412F17A00C788EF /* MobileCoreServices.framework */ = {isa = PBXFileReference; lastKnownFileType = wrapper.framework; name = MobileCoreServices.framework; path = System/Library/Frameworks/MobileCoreServices.framework; sourceTree = SDKROOT; };
		A7310CD11412F18900C788EF /* libz.1.2.3.dylib */ = {isa = PBXFileReference; lastKnownFileType = "compiled.mach-o.dylib"; name = libz.1.2.3.dylib; path = usr/lib/libz.1.2.3.dylib; sourceTree = SDKROOT; };
		A7310CD41412F28100C788EF /* Constants.h */ = {isa = PBXFileReference; fileEncoding = 4; lastKnownFileType = sourcecode.c.h; path = Constants.h; sourceTree = "<group>"; };
		A7310CD51412F28100C788EF /* Constants.m */ = {isa = PBXFileReference; fileEncoding = 4; lastKnownFileType = sourcecode.c.objc; path = Constants.m; sourceTree = "<group>"; };
		A7310CFE14131AE000C788EF /* JSON.h */ = {isa = PBXFileReference; fileEncoding = 4; lastKnownFileType = sourcecode.c.h; path = JSON.h; sourceTree = "<group>"; };
		A7310CFF14131AE000C788EF /* NSObject+SBJSON.h */ = {isa = PBXFileReference; fileEncoding = 4; lastKnownFileType = sourcecode.c.h; path = "NSObject+SBJSON.h"; sourceTree = "<group>"; };
		A7310D0014131AE000C788EF /* NSObject+SBJSON.m */ = {isa = PBXFileReference; fileEncoding = 4; lastKnownFileType = sourcecode.c.objc; path = "NSObject+SBJSON.m"; sourceTree = "<group>"; };
		A7310D0114131AE000C788EF /* NSString+SBJSON.h */ = {isa = PBXFileReference; fileEncoding = 4; lastKnownFileType = sourcecode.c.h; path = "NSString+SBJSON.h"; sourceTree = "<group>"; };
		A7310D0214131AE000C788EF /* NSString+SBJSON.m */ = {isa = PBXFileReference; fileEncoding = 4; lastKnownFileType = sourcecode.c.objc; path = "NSString+SBJSON.m"; sourceTree = "<group>"; };
		A7310D0314131AE000C788EF /* SBJsonBase.h */ = {isa = PBXFileReference; fileEncoding = 4; lastKnownFileType = sourcecode.c.h; path = SBJsonBase.h; sourceTree = "<group>"; };
		A7310D0414131AE000C788EF /* SBJsonBase.m */ = {isa = PBXFileReference; fileEncoding = 4; lastKnownFileType = sourcecode.c.objc; path = SBJsonBase.m; sourceTree = "<group>"; };
		A7310D0514131AE000C788EF /* SBJsonParser.h */ = {isa = PBXFileReference; fileEncoding = 4; lastKnownFileType = sourcecode.c.h; path = SBJsonParser.h; sourceTree = "<group>"; };
		A7310D0614131AE000C788EF /* SBJsonParser.m */ = {isa = PBXFileReference; fileEncoding = 4; lastKnownFileType = sourcecode.c.objc; path = SBJsonParser.m; sourceTree = "<group>"; };
		A7310D0714131AE000C788EF /* SBJsonWriter.h */ = {isa = PBXFileReference; fileEncoding = 4; lastKnownFileType = sourcecode.c.h; path = SBJsonWriter.h; sourceTree = "<group>"; };
		A7310D0814131AE000C788EF /* SBJsonWriter.m */ = {isa = PBXFileReference; fileEncoding = 4; lastKnownFileType = sourcecode.c.objc; path = SBJsonWriter.m; sourceTree = "<group>"; };
		A73B59F913C8A26E008397C2 /* Default.png */ = {isa = PBXFileReference; lastKnownFileType = image.png; name = Default.png; path = images/Default.png; sourceTree = SOURCE_ROOT; };
		A74828A813C81D8300E8FB45 /* EstadoController.h */ = {isa = PBXFileReference; fileEncoding = 4; lastKnownFileType = sourcecode.c.h; path = EstadoController.h; sourceTree = "<group>"; };
		A74828A913C81D8300E8FB45 /* EstadoController.m */ = {isa = PBXFileReference; fileEncoding = 4; lastKnownFileType = sourcecode.c.objc; path = EstadoController.m; sourceTree = "<group>"; };
		A74828AA13C81D8300E8FB45 /* EstadoController.xib */ = {isa = PBXFileReference; fileEncoding = 4; lastKnownFileType = file.xib; path = EstadoController.xib; sourceTree = "<group>"; };
		A74828B213C8224600E8FB45 /* MunicipioController.h */ = {isa = PBXFileReference; fileEncoding = 4; lastKnownFileType = sourcecode.c.h; path = MunicipioController.h; sourceTree = "<group>"; };
		A74828B313C8224600E8FB45 /* MunicipioController.m */ = {isa = PBXFileReference; fileEncoding = 4; lastKnownFileType = sourcecode.c.objc; path = MunicipioController.m; sourceTree = "<group>"; };
		A74828B413C8224600E8FB45 /* MunicipioController.xib */ = {isa = PBXFileReference; fileEncoding = 4; lastKnownFileType = file.xib; path = MunicipioController.xib; sourceTree = "<group>"; };
		A74828B713C8247400E8FB45 /* GasolinerasController.h */ = {isa = PBXFileReference; fileEncoding = 4; lastKnownFileType = sourcecode.c.h; path = GasolinerasController.h; sourceTree = "<group>"; };
		A74828B813C8247400E8FB45 /* GasolinerasController.m */ = {isa = PBXFileReference; fileEncoding = 4; lastKnownFileType = sourcecode.c.objc; path = GasolinerasController.m; sourceTree = "<group>"; };
		A74828B913C8247400E8FB45 /* GasolinerasController.xib */ = {isa = PBXFileReference; fileEncoding = 4; lastKnownFileType = file.xib; path = GasolinerasController.xib; sourceTree = "<group>"; };
		A74828BC13C8270700E8FB45 /* GasolineraController.h */ = {isa = PBXFileReference; fileEncoding = 4; lastKnownFileType = sourcecode.c.h; path = GasolineraController.h; sourceTree = "<group>"; };
		A74828BD13C8270700E8FB45 /* GasolineraController.m */ = {isa = PBXFileReference; fileEncoding = 4; lastKnownFileType = sourcecode.c.objc; path = GasolineraController.m; sourceTree = "<group>"; };
		A74828BE13C8270700E8FB45 /* GasolineraController.xib */ = {isa = PBXFileReference; fileEncoding = 4; lastKnownFileType = file.xib; path = GasolineraController.xib; sourceTree = "<group>"; };
		A74C7EB313C6BC4C00C99635 /* litrosdealitro.app */ = {isa = PBXFileReference; explicitFileType = wrapper.application; includeInIndex = 0; path = litrosdealitro.app; sourceTree = BUILT_PRODUCTS_DIR; };
		A74C7EB713C6BC4C00C99635 /* UIKit.framework */ = {isa = PBXFileReference; lastKnownFileType = wrapper.framework; name = UIKit.framework; path = System/Library/Frameworks/UIKit.framework; sourceTree = SDKROOT; };
		A74C7EB913C6BC4C00C99635 /* Foundation.framework */ = {isa = PBXFileReference; lastKnownFileType = wrapper.framework; name = Foundation.framework; path = System/Library/Frameworks/Foundation.framework; sourceTree = SDKROOT; };
		A74C7EBB13C6BC4C00C99635 /* CoreGraphics.framework */ = {isa = PBXFileReference; lastKnownFileType = wrapper.framework; name = CoreGraphics.framework; path = System/Library/Frameworks/CoreGraphics.framework; sourceTree = SDKROOT; };
		A74C7EBF13C6BC4C00C99635 /* litrosdealitro-Info.plist */ = {isa = PBXFileReference; lastKnownFileType = text.plist.xml; path = "litrosdealitro-Info.plist"; sourceTree = "<group>"; };
		A74C7EC113C6BC4C00C99635 /* en */ = {isa = PBXFileReference; lastKnownFileType = text.plist.strings; name = en; path = en.lproj/InfoPlist.strings; sourceTree = "<group>"; };
		A74C7EC313C6BC4C00C99635 /* litrosdealitro-Prefix.pch */ = {isa = PBXFileReference; lastKnownFileType = sourcecode.c.h; path = "litrosdealitro-Prefix.pch"; sourceTree = "<group>"; };
		A74C7EC413C6BC4C00C99635 /* main.m */ = {isa = PBXFileReference; lastKnownFileType = sourcecode.c.objc; path = main.m; sourceTree = "<group>"; };
		A74C7EC613C6BC4C00C99635 /* litrosdealitroAppDelegate.h */ = {isa = PBXFileReference; lastKnownFileType = sourcecode.c.h; path = litrosdealitroAppDelegate.h; sourceTree = "<group>"; };
		A74C7EC713C6BC4C00C99635 /* litrosdealitroAppDelegate.m */ = {isa = PBXFileReference; lastKnownFileType = sourcecode.c.objc; path = litrosdealitroAppDelegate.m; sourceTree = "<group>"; };
		A74C7ECA13C6BC4C00C99635 /* en */ = {isa = PBXFileReference; lastKnownFileType = file.xib; name = en; path = en.lproj/MainWindow.xib; sourceTree = "<group>"; };
		A74C7ECC13C6BC4C00C99635 /* MenuController.h */ = {isa = PBXFileReference; lastKnownFileType = sourcecode.c.h; path = MenuController.h; sourceTree = "<group>"; };
		A74C7ECD13C6BC4C00C99635 /* MenuController.m */ = {isa = PBXFileReference; lastKnownFileType = sourcecode.c.objc; path = MenuController.m; sourceTree = "<group>"; };
		A74C7ED013C6BC4C00C99635 /* en */ = {isa = PBXFileReference; lastKnownFileType = file.xib; name = en; path = en.lproj/MenuController.xib; sourceTree = "<group>"; };
		A757FC831413E28E002D3025 /* estados.json */ = {isa = PBXFileReference; fileEncoding = 4; lastKnownFileType = text.json; path = estados.json; sourceTree = "<group>"; };
		A757FC861413E82B002D3025 /* municipios.json */ = {isa = PBXFileReference; fileEncoding = 4; lastKnownFileType = text.json; path = municipios.json; sourceTree = "<group>"; };
		A757FC881414034C002D3025 /* stations.json */ = {isa = PBXFileReference; fileEncoding = 4; lastKnownFileType = text.json; path = stations.json; sourceTree = "<group>"; };
		A757FC8A14140D1E002D3025 /* green_light.png */ = {isa = PBXFileReference; lastKnownFileType = image.png; name = green_light.png; path = images/green_light.png; sourceTree = SOURCE_ROOT; };
		A757FC8B14140D1E002D3025 /* no_light.png */ = {isa = PBXFileReference; lastKnownFileType = image.png; name = no_light.png; path = images/no_light.png; sourceTree = SOURCE_ROOT; };
		A757FC8D14140D1E002D3025 /* red_light.png */ = {isa = PBXFileReference; lastKnownFileType = image.png; name = red_light.png; path = images/red_light.png; sourceTree = SOURCE_ROOT; };
		A757FC9214140E95002D3025 /* orange_light.png */ = {isa = PBXFileReference; lastKnownFileType = image.png; name = orange_light.png; path = images/orange_light.png; sourceTree = SOURCE_ROOT; };
		A757FC94141416B1002D3025 /* station.json */ = {isa = PBXFileReference; fileEncoding = 4; lastKnownFileType = text.json; path = station.json; sourceTree = "<group>"; };
		A757FCA014144A12002D3025 /* QuartzCore.framework */ = {isa = PBXFileReference; lastKnownFileType = wrapper.framework; name = QuartzCore.framework; path = System/Library/Frameworks/QuartzCore.framework; sourceTree = SDKROOT; };
		A79DDBDB13C89EB500559554 /* gasolinera.png */ = {isa = PBXFileReference; lastKnownFileType = image.png; name = gasolinera.png; path = images/gasolinera.png; sourceTree = SOURCE_ROOT; };
		A79DDBDE13C89F2C00559554 /* MapKit.framework */ = {isa = PBXFileReference; lastKnownFileType = wrapper.framework; name = MapKit.framework; path = System/Library/Frameworks/MapKit.framework; sourceTree = SDKROOT; };
		A7C2AAEB13C7D36700FD47E2 /* cercanas_icon.png */ = {isa = PBXFileReference; lastKnownFileType = image.png; name = cercanas_icon.png; path = images/cercanas_icon.png; sourceTree = SOURCE_ROOT; };
		A7C2AAEC13C7D36700FD47E2 /* search_icon.png */ = {isa = PBXFileReference; lastKnownFileType = image.png; name = search_icon.png; path = images/search_icon.png; sourceTree = SOURCE_ROOT; };
/* End PBXFileReference section */

/* Begin PBXFrameworksBuildPhase section */
		A74C7EB013C6BC4C00C99635 /* Frameworks */ = {
			isa = PBXFrameworksBuildPhase;
			buildActionMask = 2147483647;
			files = (
				A757FCA114144A12002D3025 /* QuartzCore.framework in Frameworks */,
				A7310CD21412F18900C788EF /* libz.1.2.3.dylib in Frameworks */,
				A7310CD01412F17A00C788EF /* MobileCoreServices.framework in Frameworks */,
				A7310CCE1412F17100C788EF /* SystemConfiguration.framework in Frameworks */,
				A7310CCC1412F12700C788EF /* CFNetwork.framework in Frameworks */,
				A79DDBDF13C89F2C00559554 /* MapKit.framework in Frameworks */,
				A74C7EB813C6BC4C00C99635 /* UIKit.framework in Frameworks */,
				A74C7EBA13C6BC4C00C99635 /* Foundation.framework in Frameworks */,
				A74C7EBC13C6BC4C00C99635 /* CoreGraphics.framework in Frameworks */,
			);
			runOnlyForDeploymentPostprocessing = 0;
		};
/* End PBXFrameworksBuildPhase section */

/* Begin PBXGroup section */
		A7310CAA1412F04400C788EF /* ASIHttpRequest */ = {
			isa = PBXGroup;
			children = (
				A7310CAB1412F04400C788EF /* ASIAuthenticationDialog.h */,
				A7310CAC1412F04400C788EF /* ASIAuthenticationDialog.m */,
				A7310CAD1412F04400C788EF /* ASICacheDelegate.h */,
				A7310CAE1412F04400C788EF /* ASIDataCompressor.h */,
				A7310CAF1412F04400C788EF /* ASIDataCompressor.m */,
				A7310CB01412F04400C788EF /* ASIDataDecompressor.h */,
				A7310CB11412F04400C788EF /* ASIDataDecompressor.m */,
				A7310CB21412F04400C788EF /* ASIDownloadCache.h */,
				A7310CB31412F04400C788EF /* ASIDownloadCache.m */,
				A7310CB41412F04400C788EF /* ASIFormDataRequest.h */,
				A7310CB51412F04400C788EF /* ASIFormDataRequest.m */,
				A7310CB61412F04400C788EF /* ASIHTTPRequest.h */,
				A7310CB71412F04400C788EF /* ASIHTTPRequest.m */,
				A7310CB81412F04400C788EF /* ASIHTTPRequestConfig.h */,
				A7310CB91412F04400C788EF /* ASIHTTPRequestDelegate.h */,
				A7310CBA1412F04400C788EF /* ASIInputStream.h */,
				A7310CBB1412F04400C788EF /* ASIInputStream.m */,
				A7310CBC1412F04400C788EF /* ASINetworkQueue.h */,
				A7310CBD1412F04400C788EF /* ASINetworkQueue.m */,
				A7310CBE1412F04400C788EF /* ASIProgressDelegate.h */,
				A7310CBF1412F04400C788EF /* Reachability.h */,
				A7310CC01412F04400C788EF /* Reachability.m */,
			);
			path = ASIHttpRequest;
			sourceTree = "<group>";
		};
		A7310CD31412F20000C788EF /* Helpers */ = {
			isa = PBXGroup;
			children = (
				A7310CD41412F28100C788EF /* Constants.h */,
				A7310CD51412F28100C788EF /* Constants.m */,
			);
			name = Helpers;
			sourceTree = "<group>";
		};
		A7310CFD14131AE000C788EF /* json */ = {
			isa = PBXGroup;
			children = (
				A7310CFE14131AE000C788EF /* JSON.h */,
				A7310CFF14131AE000C788EF /* NSObject+SBJSON.h */,
				A7310D0014131AE000C788EF /* NSObject+SBJSON.m */,
				A7310D0114131AE000C788EF /* NSString+SBJSON.h */,
				A7310D0214131AE000C788EF /* NSString+SBJSON.m */,
				A7310D0314131AE000C788EF /* SBJsonBase.h */,
				A7310D0414131AE000C788EF /* SBJsonBase.m */,
				A7310D0514131AE000C788EF /* SBJsonParser.h */,
				A7310D0614131AE000C788EF /* SBJsonParser.m */,
				A7310D0714131AE000C788EF /* SBJsonWriter.h */,
				A7310D0814131AE000C788EF /* SBJsonWriter.m */,
			);
			path = json;
			sourceTree = "<group>";
		};
		A74C7EA813C6BC4C00C99635 = {
			isa = PBXGroup;
			children = (
				A74C7EBD13C6BC4C00C99635 /* litrosdealitro */,
				A74C7EB613C6BC4C00C99635 /* Frameworks */,
				A74C7EB413C6BC4C00C99635 /* Products */,
			);
			sourceTree = "<group>";
		};
		A74C7EB413C6BC4C00C99635 /* Products */ = {
			isa = PBXGroup;
			children = (
				A74C7EB313C6BC4C00C99635 /* litrosdealitro.app */,
			);
			name = Products;
			sourceTree = "<group>";
		};
		A74C7EB613C6BC4C00C99635 /* Frameworks */ = {
			isa = PBXGroup;
			children = (
				A757FCA014144A12002D3025 /* QuartzCore.framework */,
				A7310CD11412F18900C788EF /* libz.1.2.3.dylib */,
				A7310CCF1412F17A00C788EF /* MobileCoreServices.framework */,
				A7310CCD1412F17100C788EF /* SystemConfiguration.framework */,
				A7310CCB1412F12700C788EF /* CFNetwork.framework */,
				A79DDBDE13C89F2C00559554 /* MapKit.framework */,
				A74C7EB713C6BC4C00C99635 /* UIKit.framework */,
				A74C7EB913C6BC4C00C99635 /* Foundation.framework */,
				A74C7EBB13C6BC4C00C99635 /* CoreGraphics.framework */,
			);
			name = Frameworks;
			sourceTree = "<group>";
		};
		A74C7EBD13C6BC4C00C99635 /* litrosdealitro */ = {
			isa = PBXGroup;
			children = (
				A7310CFD14131AE000C788EF /* json */,
				A7310CD31412F20000C788EF /* Helpers */,
				A7310CAA1412F04400C788EF /* ASIHttpRequest */,
				A7C2AAF013C7D3CD00FD47E2 /* Views */,
				A7C2AAEF13C7D3C100FD47E2 /* Controllers */,
				A7C2AAE913C7D34B00FD47E2 /* Resources */,
				A74C7EC613C6BC4C00C99635 /* litrosdealitroAppDelegate.h */,
				A74C7EC713C6BC4C00C99635 /* litrosdealitroAppDelegate.m */,
				A74C7EBE13C6BC4C00C99635 /* Supporting Files */,
			);
			path = litrosdealitro;
			sourceTree = "<group>";
		};
		A74C7EBE13C6BC4C00C99635 /* Supporting Files */ = {
			isa = PBXGroup;
			children = (
				A74C7EBF13C6BC4C00C99635 /* litrosdealitro-Info.plist */,
				A74C7EC013C6BC4C00C99635 /* InfoPlist.strings */,
				A74C7EC313C6BC4C00C99635 /* litrosdealitro-Prefix.pch */,
				A74C7EC413C6BC4C00C99635 /* main.m */,
			);
			name = "Supporting Files";
			sourceTree = "<group>";
		};
		A7C2AAE913C7D34B00FD47E2 /* Resources */ = {
			isa = PBXGroup;
			children = (
				A757FC9214140E95002D3025 /* orange_light.png */,
				A757FC8A14140D1E002D3025 /* green_light.png */,
				A757FC8B14140D1E002D3025 /* no_light.png */,
				A757FC8D14140D1E002D3025 /* red_light.png */,
				A73B59F913C8A26E008397C2 /* Default.png */,
				A79DDBDB13C89EB500559554 /* gasolinera.png */,
				A7C2AAEB13C7D36700FD47E2 /* cercanas_icon.png */,
				A7C2AAEC13C7D36700FD47E2 /* search_icon.png */,
				A757FC831413E28E002D3025 /* estados.json */,
				A757FC861413E82B002D3025 /* municipios.json */,
				A757FC881414034C002D3025 /* stations.json */,
				A757FC94141416B1002D3025 /* station.json */,
			);
			name = Resources;
			sourceTree = "<group>";
		};
		A7C2AAEF13C7D3C100FD47E2 /* Controllers */ = {
			isa = PBXGroup;
			children = (
				A74C7ECC13C6BC4C00C99635 /* MenuController.h */,
				A74C7ECD13C6BC4C00C99635 /* MenuController.m */,
				A74828A813C81D8300E8FB45 /* EstadoController.h */,
				A74828A913C81D8300E8FB45 /* EstadoController.m */,
				A74828B213C8224600E8FB45 /* MunicipioController.h */,
				A74828B313C8224600E8FB45 /* MunicipioController.m */,
				A74828B713C8247400E8FB45 /* GasolinerasController.h */,
				A74828B813C8247400E8FB45 /* GasolinerasController.m */,
				A74828BC13C8270700E8FB45 /* GasolineraController.h */,
				A74828BD13C8270700E8FB45 /* GasolineraController.m */,
			);
			name = Controllers;
			sourceTree = "<group>";
		};
		A7C2AAF013C7D3CD00FD47E2 /* Views */ = {
			isa = PBXGroup;
			children = (
				A74828BE13C8270700E8FB45 /* GasolineraController.xib */,
				A74828B913C8247400E8FB45 /* GasolinerasController.xib */,
				A74828B413C8224600E8FB45 /* MunicipioController.xib */,
				A74828AA13C81D8300E8FB45 /* EstadoController.xib */,
				A74C7EC913C6BC4C00C99635 /* MainWindow.xib */,
				A74C7ECF13C6BC4C00C99635 /* MenuController.xib */,
				A71970E614144D2800D4C5DC /* FullImageTableViewCell.h */,
				A71970E714144D2800D4C5DC /* FullImageTableViewCell.m */,
			);
			name = Views;
			sourceTree = "<group>";
		};
/* End PBXGroup section */

/* Begin PBXNativeTarget section */
		A74C7EB213C6BC4C00C99635 /* litrosdealitro */ = {
			isa = PBXNativeTarget;
			buildConfigurationList = A74C7ED413C6BC4C00C99635 /* Build configuration list for PBXNativeTarget "litrosdealitro" */;
			buildPhases = (
				A74C7EAF13C6BC4C00C99635 /* Sources */,
				A74C7EB013C6BC4C00C99635 /* Frameworks */,
				A74C7EB113C6BC4C00C99635 /* Resources */,
			);
			buildRules = (
			);
			dependencies = (
			);
			name = litrosdealitro;
			productName = litrosdealitro;
			productReference = A74C7EB313C6BC4C00C99635 /* litrosdealitro.app */;
			productType = "com.apple.product-type.application";
		};
/* End PBXNativeTarget section */

/* Begin PBXProject section */
		A74C7EAA13C6BC4C00C99635 /* Project object */ = {
			isa = PBXProject;
			attributes = {
				LastUpgradeCheck = 0420;
			};
			buildConfigurationList = A74C7EAD13C6BC4C00C99635 /* Build configuration list for PBXProject "litrosdealitro" */;
			compatibilityVersion = "Xcode 3.2";
			developmentRegion = English;
			hasScannedForEncodings = 0;
			knownRegions = (
				en,
			);
			mainGroup = A74C7EA813C6BC4C00C99635;
			productRefGroup = A74C7EB413C6BC4C00C99635 /* Products */;
			projectDirPath = "";
			projectRoot = "";
			targets = (
				A74C7EB213C6BC4C00C99635 /* litrosdealitro */,
			);
		};
/* End PBXProject section */

/* Begin PBXResourcesBuildPhase section */
		A74C7EB113C6BC4C00C99635 /* Resources */ = {
			isa = PBXResourcesBuildPhase;
			buildActionMask = 2147483647;
			files = (
				A74C7EC213C6BC4C00C99635 /* InfoPlist.strings in Resources */,
				A74C7ECB13C6BC4C00C99635 /* MainWindow.xib in Resources */,
				A74C7ED113C6BC4C00C99635 /* MenuController.xib in Resources */,
				A7C2AAED13C7D36700FD47E2 /* cercanas_icon.png in Resources */,
				A7C2AAEE13C7D36700FD47E2 /* search_icon.png in Resources */,
				A74828AC13C81D8300E8FB45 /* EstadoController.xib in Resources */,
				A74828B613C8224600E8FB45 /* MunicipioController.xib in Resources */,
				A74828BB13C8247400E8FB45 /* GasolinerasController.xib in Resources */,
				A74828C013C8270700E8FB45 /* GasolineraController.xib in Resources */,
				A79DDBDC13C89EB500559554 /* gasolinera.png in Resources */,
				A73B59FA13C8A26E008397C2 /* Default.png in Resources */,
				A757FC841413E28E002D3025 /* estados.json in Resources */,
				A757FC871413E82B002D3025 /* municipios.json in Resources */,
				A757FC891414034C002D3025 /* stations.json in Resources */,
				A757FC8E14140D1E002D3025 /* green_light.png in Resources */,
				A757FC8F14140D1E002D3025 /* no_light.png in Resources */,
				A757FC9114140D1E002D3025 /* red_light.png in Resources */,
				A757FC9314140E95002D3025 /* orange_light.png in Resources */,
				A757FC95141416B1002D3025 /* station.json in Resources */,
			);
			runOnlyForDeploymentPostprocessing = 0;
		};
/* End PBXResourcesBuildPhase section */

/* Begin PBXSourcesBuildPhase section */
		A74C7EAF13C6BC4C00C99635 /* Sources */ = {
			isa = PBXSourcesBuildPhase;
			buildActionMask = 2147483647;
			files = (
				A74C7EC513C6BC4C00C99635 /* main.m in Sources */,
				A74C7EC813C6BC4C00C99635 /* litrosdealitroAppDelegate.m in Sources */,
				A74C7ECE13C6BC4C00C99635 /* MenuController.m in Sources */,
				A74828AB13C81D8300E8FB45 /* EstadoController.m in Sources */,
				A74828B513C8224600E8FB45 /* MunicipioController.m in Sources */,
				A74828BA13C8247400E8FB45 /* GasolinerasController.m in Sources */,
				A74828BF13C8270700E8FB45 /* GasolineraController.m in Sources */,
				A7310CC11412F04400C788EF /* ASIAuthenticationDialog.m in Sources */,
				A7310CC21412F04400C788EF /* ASIDataCompressor.m in Sources */,
				A7310CC31412F04400C788EF /* ASIDataDecompressor.m in Sources */,
				A7310CC41412F04400C788EF /* ASIDownloadCache.m in Sources */,
				A7310CC51412F04400C788EF /* ASIFormDataRequest.m in Sources */,
				A7310CC61412F04400C788EF /* ASIHTTPRequest.m in Sources */,
				A7310CC71412F04400C788EF /* ASIInputStream.m in Sources */,
				A7310CC81412F04400C788EF /* ASINetworkQueue.m in Sources */,
				A7310CC91412F04400C788EF /* Reachability.m in Sources */,
				A7310CD61412F28100C788EF /* Constants.m in Sources */,
				A7310D0914131AE000C788EF /* NSObject+SBJSON.m in Sources */,
				A7310D0A14131AE000C788EF /* NSString+SBJSON.m in Sources */,
				A7310D0B14131AE000C788EF /* SBJsonBase.m in Sources */,
				A7310D0C14131AE000C788EF /* SBJsonParser.m in Sources */,
				A7310D0D14131AE000C788EF /* SBJsonWriter.m in Sources */,
				A71970E814144D2800D4C5DC /* FullImageTableViewCell.m in Sources */,
			);
			runOnlyForDeploymentPostprocessing = 0;
		};
/* End PBXSourcesBuildPhase section */

/* Begin PBXVariantGroup section */
		A74C7EC013C6BC4C00C99635 /* InfoPlist.strings */ = {
			isa = PBXVariantGroup;
			children = (
				A74C7EC113C6BC4C00C99635 /* en */,
			);
			name = InfoPlist.strings;
			sourceTree = "<group>";
		};
		A74C7EC913C6BC4C00C99635 /* MainWindow.xib */ = {
			isa = PBXVariantGroup;
			children = (
				A74C7ECA13C6BC4C00C99635 /* en */,
			);
			name = MainWindow.xib;
			sourceTree = "<group>";
		};
		A74C7ECF13C6BC4C00C99635 /* MenuController.xib */ = {
			isa = PBXVariantGroup;
			children = (
				A74C7ED013C6BC4C00C99635 /* en */,
			);
			name = MenuController.xib;
			sourceTree = "<group>";
		};
/* End PBXVariantGroup section */

/* Begin XCBuildConfiguration section */
		A74C7ED213C6BC4C00C99635 /* Debug */ = {
			isa = XCBuildConfiguration;
			buildSettings = {
				ARCHS = "$(ARCHS_STANDARD_32_BIT)";
				"CODE_SIGN_IDENTITY[sdk=iphoneos*]" = "iPhone Developer";
				GCC_C_LANGUAGE_STANDARD = gnu99;
				GCC_OPTIMIZATION_LEVEL = 0;
				GCC_PREPROCESSOR_DEFINITIONS = DEBUG;
				GCC_SYMBOLS_PRIVATE_EXTERN = NO;
				GCC_VERSION = com.apple.compilers.llvmgcc42;
				GCC_WARN_ABOUT_RETURN_TYPE = YES;
				GCC_WARN_UNUSED_VARIABLE = YES;
				IPHONEOS_DEPLOYMENT_TARGET = 4.3;
				SDKROOT = iphoneos;
			};
			name = Debug;
		};
		A74C7ED313C6BC4C00C99635 /* Release */ = {
			isa = XCBuildConfiguration;
			buildSettings = {
				ARCHS = "$(ARCHS_STANDARD_32_BIT)";
				"CODE_SIGN_IDENTITY[sdk=iphoneos*]" = "iPhone Developer";
				GCC_C_LANGUAGE_STANDARD = gnu99;
				GCC_VERSION = com.apple.compilers.llvmgcc42;
				GCC_WARN_ABOUT_RETURN_TYPE = YES;
				GCC_WARN_UNUSED_VARIABLE = YES;
				IPHONEOS_DEPLOYMENT_TARGET = 4.3;
				OTHER_CFLAGS = "-DNS_BLOCK_ASSERTIONS=1";
				SDKROOT = iphoneos;
			};
			name = Release;
		};
		A74C7ED513C6BC4C00C99635 /* Debug */ = {
			isa = XCBuildConfiguration;
			buildSettings = {
				ALWAYS_SEARCH_USER_PATHS = NO;
				COPY_PHASE_STRIP = NO;
				GCC_DYNAMIC_NO_PIC = NO;
				GCC_PRECOMPILE_PREFIX_HEADER = YES;
				GCC_PREFIX_HEADER = "litrosdealitro/litrosdealitro-Prefix.pch";
				INFOPLIST_FILE = "litrosdealitro/litrosdealitro-Info.plist";
				PRODUCT_NAME = "$(TARGET_NAME)";
				WRAPPER_EXTENSION = app;
			};
			name = Debug;
		};
		A74C7ED613C6BC4C00C99635 /* Release */ = {
			isa = XCBuildConfiguration;
			buildSettings = {
				ALWAYS_SEARCH_USER_PATHS = NO;
				COPY_PHASE_STRIP = YES;
				GCC_PRECOMPILE_PREFIX_HEADER = YES;
				GCC_PREFIX_HEADER = "litrosdealitro/litrosdealitro-Prefix.pch";
				INFOPLIST_FILE = "litrosdealitro/litrosdealitro-Info.plist";
				PRODUCT_NAME = "$(TARGET_NAME)";
				VALIDATE_PRODUCT = YES;
				WRAPPER_EXTENSION = app;
			};
			name = Release;
		};
/* End XCBuildConfiguration section */

/* Begin XCConfigurationList section */
		A74C7EAD13C6BC4C00C99635 /* Build configuration list for PBXProject "litrosdealitro" */ = {
			isa = XCConfigurationList;
			buildConfigurations = (
				A74C7ED213C6BC4C00C99635 /* Debug */,
				A74C7ED313C6BC4C00C99635 /* Release */,
			);
			defaultConfigurationIsVisible = 0;
			defaultConfigurationName = Release;
		};
		A74C7ED413C6BC4C00C99635 /* Build configuration list for PBXNativeTarget "litrosdealitro" */ = {
			isa = XCConfigurationList;
			buildConfigurations = (
				A74C7ED513C6BC4C00C99635 /* Debug */,
				A74C7ED613C6BC4C00C99635 /* Release */,
			);
			defaultConfigurationIsVisible = 0;
			defaultConfigurationName = Release;
		};
/* End XCConfigurationList section */
	};
	rootObject = A74C7EAA13C6BC4C00C99635 /* Project object */;
}
